
Microsoft Visual Studio Solution File, Format Version 12.00
# Visual Studio Version 16
VisualStudioVersion = 16.0.30711.63
MinimumVisualStudioVersion = 10.0.40219.1
Project("{FAE04EC0-301F-11D3-BF4B-00C04F79EFBC}") = "WooliesXAnswersAPI", "..\WooliesXAnswersAPI\WooliesXAnswersAPI.csproj", "{28E670D9-A330-4EDD-8268-613A6A43DE4D}"
EndProject
Global
	GlobalSection(SolutionConfigurationPlatforms) = preSolution
		Debug|Any CPU = Debug|Any CPU
		Release|Any CPU = Release|Any CPU
	EndGlobalSection
	GlobalSection(ProjectConfigurationPlatforms) = postSolution
		{28E670D9-A330-4EDD-8268-613A6A43DE4D}.Debug|Any CPU.ActiveCfg = Debug|Any CPU
		{28E670D9-A330-4EDD-8268-613A6A43DE4D}.Debug|Any CPU.Build.0 = Debug|Any CPU
		{28E670D9-A330-4EDD-8268-613A6A43DE4D}.Release|Any CPU.ActiveCfg = Release|Any CPU
		{28E670D9-A330-4EDD-8268-613A6A43DE4D}.Release|Any CPU.Build.0 = Release|Any CPU
	EndGlobalSection
	GlobalSection(SolutionProperties) = preSolution
		HideSolutionNode = FALSE
	EndGlobalSection
	GlobalSection(ExtensibilityGlobals) = postSolution
		SolutionGuid = {68B3C5B1-0283-44B7-9FD0-7F4FBAAD4587}
	EndGlobalSection
EndGlobal
